
Microsoft Visual Studio Solution File, Format Version 12.00
# Visual Studio Version 16
VisualStudioVersion = 16.0.31613.86
MinimumVisualStudioVersion = 10.0.40219.1
Project("{FAE04EC0-301F-11D3-BF4B-00C04F79EFBC}") = "SerilogTeste", "SerilogTeste\SerilogTeste.csproj", "{31236E07-2286-4F4A-BEF9-FEE6FEF3EB5E}"
EndProject
Global
	GlobalSection(SolutionConfigurationPlatforms) = preSolution
		Debug|Any CPU = Debug|Any CPU
		Release|Any CPU = Release|Any CPU
	EndGlobalSection
	GlobalSection(ProjectConfigurationPlatforms) = postSolution
		{31236E07-2286-4F4A-BEF9-FEE6FEF3EB5E}.Debug|Any CPU.ActiveCfg = Debug|Any CPU
		{31236E07-2286-4F4A-BEF9-FEE6FEF3EB5E}.Debug|Any CPU.Build.0 = Debug|Any CPU
		{31236E07-2286-4F4A-BEF9-FEE6FEF3EB5E}.Release|Any CPU.ActiveCfg = Release|Any CPU
		{31236E07-2286-4F4A-BEF9-FEE6FEF3EB5E}.Release|Any CPU.Build.0 = Release|Any CPU
	EndGlobalSection
	GlobalSection(SolutionProperties) = preSolution
		HideSolutionNode = FALSE
	EndGlobalSection
	GlobalSection(ExtensibilityGlobals) = postSolution
		SolutionGuid = {E787DB7F-42B4-4BB4-B7CC-9A8BE5446CEC}
	EndGlobalSection
EndGlobal
